
Microsoft Visual Studio Solution File, Format Version 12.00
# Visual Studio Version 16
VisualStudioVersion = 16.0.30413.136
MinimumVisualStudioVersion = 10.0.40219.1
Project("{9A19103F-16F7-4668-BE54-9A1E7A4F7556}") = "BlazorApp", "BlazorApp\BlazorApp.csproj", "{4DAB0D69-8A68-49AC-A05C-9BC492DB502F}"
EndProject
Project("{9A19103F-16F7-4668-BE54-9A1E7A4F7556}") = "BlazorUnitTest", "BlazorUnitTest\BlazorUnitTest.csproj", "{7DC112F1-AFEF-4F8D-8030-86D1F71148C3}"
EndProject
Global
	GlobalSection(SolutionConfigurationPlatforms) = preSolution
		Debug|Any CPU = Debug|Any CPU
		Release|Any CPU = Release|Any CPU
	EndGlobalSection
	GlobalSection(ProjectConfigurationPlatforms) = postSolution
		{4DAB0D69-8A68-49AC-A05C-9BC492DB502F}.Debug|Any CPU.ActiveCfg = Debug|Any CPU
		{4DAB0D69-8A68-49AC-A05C-9BC492DB502F}.Debug|Any CPU.Build.0 = Debug|Any CPU
		{4DAB0D69-8A68-49AC-A05C-9BC492DB502F}.Release|Any CPU.ActiveCfg = Release|Any CPU
		{4DAB0D69-8A68-49AC-A05C-9BC492DB502F}.Release|Any CPU.Build.0 = Release|Any CPU
		{7DC112F1-AFEF-4F8D-8030-86D1F71148C3}.Debug|Any CPU.ActiveCfg = Debug|Any CPU
		{7DC112F1-AFEF-4F8D-8030-86D1F71148C3}.Debug|Any CPU.Build.0 = Debug|Any CPU
		{7DC112F1-AFEF-4F8D-8030-86D1F71148C3}.Release|Any CPU.ActiveCfg = Release|Any CPU
		{7DC112F1-AFEF-4F8D-8030-86D1F71148C3}.Release|Any CPU.Build.0 = Release|Any CPU
	EndGlobalSection
	GlobalSection(SolutionProperties) = preSolution
		HideSolutionNode = FALSE
	EndGlobalSection
	GlobalSection(ExtensibilityGlobals) = postSolution
		SolutionGuid = {D88FC557-8D5E-4AB1-80F1-F6F713E1B997}
	EndGlobalSection
EndGlobal
